PODS:
  - Alamofire (5.6.1)
  - Introspect (0.1.4)
  - KakaoSDKAuth (2.11.0):
    - KakaoSDKCommon (= 2.11.0)
  - KakaoSDKCommon (2.11.0):
    - KakaoSDKCommon/Common (= 2.11.0)
    - KakaoSDKCommon/Network (= 2.11.0)
  - KakaoSDKCommon/Common (2.11.0)
  - KakaoSDKCommon/Network (2.11.0):
    - Alamofire (~> 5.1)
    - KakaoSDKCommon/Common (= 2.11.0)
  - KakaoSDKUser (2.11.0):
    - KakaoSDKAuth (= 2.11.0)
  - lottie-ios (3.4.0)
  - SwiftKeychainWrapper (4.0.1)
  - URLImage (2.2.5):
    - URLImage/Common (= 2.2.5)
    - URLImage/DownloadManager (= 2.2.5)
    - URLImage/FileIndex (= 2.2.5)
    - URLImage/ImageDecoder (= 2.2.5)
    - URLImage/Log (= 2.2.5)
    - URLImage/PlainDatabase (= 2.2.5)
    - URLImage/RemoteContentView (= 2.2.5)
  - URLImage/Common (2.2.5)
  - URLImage/DownloadManager (2.2.5):
    - URLImage/Log
  - URLImage/FileIndex (2.2.5):
    - URLImage/Common
    - URLImage/Log
    - URLImage/PlainDatabase
  - URLImage/ImageDecoder (2.2.5)
  - URLImage/Log (2.2.5)
  - URLImage/PlainDatabase (2.2.5)
  - URLImage/RemoteContentView (2.2.5)

DEPENDENCIES:
  - Alamofire
  - Introspect
  - KakaoSDKAuth
  - KakaoSDKCommon
  - KakaoSDKUser
  - lottie-ios
  - SwiftKeychainWrapper
  - URLImage

SPEC REPOS:
  trunk:
    - Alamofire
    - Introspect
    - KakaoSDKAuth
    - KakaoSDKCommon
    - KakaoSDKUser
    - lottie-ios
    - SwiftKeychainWrapper
    - URLImage

SPEC CHECKSUMS:
  Alamofire: 87bd8c952f9a4454320fce00d9cc3de57bcadaf5
  Introspect: b62c4dd2063072327c21d618ef2bedc3c87bc366
  KakaoSDKAuth: b9470887e42b869725b391f4af34c4aaec42ea46
  KakaoSDKCommon: 0f59f2c1aead6012d92758e8ca46b63ea11c408b
  KakaoSDKUser: 5dbefe494c50dfdc87e4072710e503d39b41a609
  lottie-ios: 69495122151a378fdc7d1bb4c5930347e37baf1f
  SwiftKeychainWrapper: 807ba1d63c33a7d0613288512399cd1eda1e470c
  URLImage: 36a66c03ba2a9ccbbf06bc83431f2cef171008e8

PODFILE CHECKSUM: b59974965836b972ca0d8e06c9c60f80e7c6e8e0

COCOAPODS: 1.11.3
