// !$*UTF8*$!
{
	archiveVersion = 1;
	classes = {
	};
	objectVersion = 55;
	objects = {

/* Begin PBXBuildFile section */
		0A026876284BA8B700E7AF4A /* LoginView.swift in Sources */ = {isa = PBXBuildFile; fileRef = 0A026875284BA8B700E7AF4A /* LoginView.swift */; };
		0A223B6E285F6D46002203ED /* Ex+UIDevice.swift in Sources */ = {isa = PBXBuildFile; fileRef = 0A223B6D285F6D46002203ED /* Ex+UIDevice.swift */; };
		0A223B70285F74BB002203ED /* Ex+UIColor.swift in Sources */ = {isa = PBXBuildFile; fileRef = 0A223B6F285F74BB002203ED /* Ex+UIColor.swift */; };
		0A223B72285F75D6002203ED /* CustomText.swift in Sources */ = {isa = PBXBuildFile; fileRef = 0A223B71285F75D6002203ED /* CustomText.swift */; };
		0A2B55092858779D006F816C /* View.swift in Sources */ = {isa = PBXBuildFile; fileRef = 0A2B55082858779D006F816C /* View.swift */; };
		0A4CFB8B285F79AB000603A5 /* Ex+Font.swift in Sources */ = {isa = PBXBuildFile; fileRef = 0A4CFB8A285F79AB000603A5 /* Ex+Font.swift */; };
		0A4CFB95285F85C8000603A5 /* Pretendard-Thin.otf in Resources */ = {isa = PBXBuildFile; fileRef = 0A4CFB8C285F85C8000603A5 /* Pretendard-Thin.otf */; };
		0A4CFB96285F85C8000603A5 /* Pretendard-ExtraBold.otf in Resources */ = {isa = PBXBuildFile; fileRef = 0A4CFB8D285F85C8000603A5 /* Pretendard-ExtraBold.otf */; };
		0A4CFB97285F85C8000603A5 /* Pretendard-Black.otf in Resources */ = {isa = PBXBuildFile; fileRef = 0A4CFB8E285F85C8000603A5 /* Pretendard-Black.otf */; };
		0A4CFB98285F85C8000603A5 /* Pretendard-SemiBold.otf in Resources */ = {isa = PBXBuildFile; fileRef = 0A4CFB8F285F85C8000603A5 /* Pretendard-SemiBold.otf */; };
		0A4CFB99285F85C8000603A5 /* Pretendard-Bold.otf in Resources */ = {isa = PBXBuildFile; fileRef = 0A4CFB90285F85C8000603A5 /* Pretendard-Bold.otf */; };
		0A4CFB9A285F85C8000603A5 /* Pretendard-Medium.otf in Resources */ = {isa = PBXBuildFile; fileRef = 0A4CFB91285F85C8000603A5 /* Pretendard-Medium.otf */; };
		0A4CFB9B285F85C8000603A5 /* Pretendard-ExtraLight.otf in Resources */ = {isa = PBXBuildFile; fileRef = 0A4CFB92285F85C8000603A5 /* Pretendard-ExtraLight.otf */; };
		0A4CFB9C285F85C8000603A5 /* Pretendard-Light.otf in Resources */ = {isa = PBXBuildFile; fileRef = 0A4CFB93285F85C8000603A5 /* Pretendard-Light.otf */; };
		0A4CFB9D285F85C8000603A5 /* Pretendard-Regular.otf in Resources */ = {isa = PBXBuildFile; fileRef = 0A4CFB94285F85C8000603A5 /* Pretendard-Regular.otf */; };
		0A4CFB9F285F8706000603A5 /* LibreBaskerville-Bold.ttf in Resources */ = {isa = PBXBuildFile; fileRef = 0A4CFB9E285F8706000603A5 /* LibreBaskerville-Bold.ttf */; };
		0A4CFBA1285F870B000603A5 /* LibreBaskerville-Regular.ttf in Resources */ = {isa = PBXBuildFile; fileRef = 0A4CFBA0285F870B000603A5 /* LibreBaskerville-Regular.ttf */; };
		0A858CBC2855BC6600907019 /* Ex+Color.swift in Sources */ = {isa = PBXBuildFile; fileRef = 0A858CBB2855BC6600907019 /* Ex+Color.swift */; };
		0AAB367C2863816300A47B24 /* EventList.swift in Sources */ = {isa = PBXBuildFile; fileRef = 0AAB367B2863816300A47B24 /* EventList.swift */; };
		0AAB367F286381C000A47B24 /* HomeInfo.swift in Sources */ = {isa = PBXBuildFile; fileRef = 0AAB367E286381C000A47B24 /* HomeInfo.swift */; };
		0AAB36812864287E00A47B24 /* EventRow.swift in Sources */ = {isa = PBXBuildFile; fileRef = 0AAB36802864287E00A47B24 /* EventRow.swift */; };
		0AAB368428642AC500A47B24 /* HomeInfoMock.json in Resources */ = {isa = PBXBuildFile; fileRef = 0AAB368328642AC500A47B24 /* HomeInfoMock.json */; };
		0AAB36F32865F32400A47B24 /* EventViewModel.swift in Sources */ = {isa = PBXBuildFile; fileRef = 0AAB36F22865F32400A47B24 /* EventViewModel.swift */; };
		0ABA0C1928579493005F2C6A /* LottieView.swift in Sources */ = {isa = PBXBuildFile; fileRef = 0ABA0C1828579493005F2C6A /* LottieView.swift */; };
		0ABA0C1B28579769005F2C6A /* 15025-bed.json in Resources */ = {isa = PBXBuildFile; fileRef = 0ABA0C1A28579769005F2C6A /* 15025-bed.json */; };
		0ABA0C1D2857A30E005F2C6A /* LoginButtonView.swift in Sources */ = {isa = PBXBuildFile; fileRef = 0ABA0C1C2857A30E005F2C6A /* LoginButtonView.swift */; };
		187B1EF8C1191F4F7DA3BE39 /* Pods_Sofa.framework in Frameworks */ = {isa = PBXBuildFile; fileRef = 1C4D7E93BA18E55E098F1094 /* Pods_Sofa.framework */; };
		6F22E524284B9CF00069D268 /* AlbumView.swift in Sources */ = {isa = PBXBuildFile; fileRef = 6F22E523284B9CF00069D268 /* AlbumView.swift */; };
		6F22E526284B9CFD0069D268 /* CalendarView.swift in Sources */ = {isa = PBXBuildFile; fileRef = 6F22E525284B9CFD0069D268 /* CalendarView.swift */; };
		6F22E528284B9D050069D268 /* SettingsView.swift in Sources */ = {isa = PBXBuildFile; fileRef = 6F22E527284B9D050069D268 /* SettingsView.swift */; };
		6F22E52A284B9D140069D268 /* HomeView.swift in Sources */ = {isa = PBXBuildFile; fileRef = 6F22E529284B9D140069D268 /* HomeView.swift */; };
		6F22E52C284B9D190069D268 /* WelcomeView.swift in Sources */ = {isa = PBXBuildFile; fileRef = 6F22E52B284B9D190069D268 /* WelcomeView.swift */; };
		6F22E532284B9D330069D268 /* Network.swift in Sources */ = {isa = PBXBuildFile; fileRef = 6F22E531284B9D330069D268 /* Network.swift */; };
		6F22E538284B9D4F0069D268 /* Fonts.swift in Sources */ = {isa = PBXBuildFile; fileRef = 6F22E537284B9D4F0069D268 /* Fonts.swift */; };
		6F22E53C284B9D5A0069D268 /* Base.swift in Sources */ = {isa = PBXBuildFile; fileRef = 6F22E53B284B9D5A0069D268 /* Base.swift */; };
		6F22E53E284B9D640069D268 /* Constants.swift in Sources */ = {isa = PBXBuildFile; fileRef = 6F22E53D284B9D640069D268 /* Constants.swift */; };
		C4667A2F284B6FF200A4A759 /* SofaApp.swift in Sources */ = {isa = PBXBuildFile; fileRef = C4667A2E284B6FF200A4A759 /* SofaApp.swift */; };
		C4667A31284B6FF200A4A759 /* ContentView.swift in Sources */ = {isa = PBXBuildFile; fileRef = C4667A30284B6FF200A4A759 /* ContentView.swift */; };
		C4667A33284B6FF400A4A759 /* Assets.xcassets in Resources */ = {isa = PBXBuildFile; fileRef = C4667A32284B6FF400A4A759 /* Assets.xcassets */; };
		C4667A36284B6FF400A4A759 /* Preview Assets.xcassets in Resources */ = {isa = PBXBuildFile; fileRef = C4667A35284B6FF400A4A759 /* Preview Assets.xcassets */; };
		C4667A40284B6FF400A4A759 /* SofaTests.swift in Sources */ = {isa = PBXBuildFile; fileRef = C4667A3F284B6FF400A4A759 /* SofaTests.swift */; };
		C4667A4A284B6FF400A4A759 /* SofaUITests.swift in Sources */ = {isa = PBXBuildFile; fileRef = C4667A49284B6FF400A4A759 /* SofaUITests.swift */; };
		C4667A4C284B6FF400A4A759 /* SofaUITestsLaunchTests.swift in Sources */ = {isa = PBXBuildFile; fileRef = C4667A4B284B6FF400A4A759 /* SofaUITestsLaunchTests.swift */; };
		C495F5EB2854F594009B3BDE /* Photo.swift in Sources */ = {isa = PBXBuildFile; fileRef = C495F5EA2854F594009B3BDE /* Photo.swift */; };
		C495F5ED2855BB5E009B3BDE /* Ex+Date.swift in Sources */ = {isa = PBXBuildFile; fileRef = C495F5EC2855BB5E009B3BDE /* Ex+Date.swift */; };
		C495F5EF2855C17C009B3BDE /* AlbumType.swift in Sources */ = {isa = PBXBuildFile; fileRef = C495F5EE2855C17C009B3BDE /* AlbumType.swift */; };
		C495F5F12855C3AA009B3BDE /* AlbumTypeRow.swift in Sources */ = {isa = PBXBuildFile; fileRef = C495F5F02855C3AA009B3BDE /* AlbumTypeRow.swift */; };
		C495F5F32855D668009B3BDE /* NavigationBarWithTextButtonStyle.swift in Sources */ = {isa = PBXBuildFile; fileRef = C495F5F22855D668009B3BDE /* NavigationBarWithTextButtonStyle.swift */; };
		C495F5F72855DAB3009B3BDE /* AlbumSelectDateView.swift in Sources */ = {isa = PBXBuildFile; fileRef = C495F5F62855DAB3009B3BDE /* AlbumSelectDateView.swift */; };
		C495F5FA285630C0009B3BDE /* AlbumDetail.swift in Sources */ = {isa = PBXBuildFile; fileRef = C495F5F9285630C0009B3BDE /* AlbumDetail.swift */; };
		C495F5FC2856386A009B3BDE /* AlbumDetailRow.swift in Sources */ = {isa = PBXBuildFile; fileRef = C495F5FB2856386A009B3BDE /* AlbumDetailRow.swift */; };
		C495F6012856446A009B3BDE /* AlbumDetailList.swift in Sources */ = {isa = PBXBuildFile; fileRef = C495F6002856446A009B3BDE /* AlbumDetailList.swift */; };
		C4B8F2952850DA1C0000B8CB /* AlbumActionSheetItem.swift in Sources */ = {isa = PBXBuildFile; fileRef = C4B8F2942850DA1C0000B8CB /* AlbumActionSheetItem.swift */; };
		C4B8F2972850E9850000B8CB /* GreyOutOfFocusView.swift in Sources */ = {isa = PBXBuildFile; fileRef = C4B8F2962850E9850000B8CB /* GreyOutOfFocusView.swift */; };
		C4B8F29F285109410000B8CB /* AlbumActionSheetCard.swift in Sources */ = {isa = PBXBuildFile; fileRef = C4B8F29E285109410000B8CB /* AlbumActionSheetCard.swift */; };
		C4B8F2A62851CABF0000B8CB /* ShowTabBar.swift in Sources */ = {isa = PBXBuildFile; fileRef = C4B8F2A52851CABF0000B8CB /* ShowTabBar.swift */; };
		C4B8F2A82851CAD50000B8CB /* HiddenTabBar.swift in Sources */ = {isa = PBXBuildFile; fileRef = C4B8F2A72851CAD50000B8CB /* HiddenTabBar.swift */; };
		C4B8F2AA2851CAF80000B8CB /* Ex+View.swift in Sources */ = {isa = PBXBuildFile; fileRef = C4B8F2A92851CAF80000B8CB /* Ex+View.swift */; };
		C4B8F2AC2851CB0E0000B8CB /* Ex+UIView.swift in Sources */ = {isa = PBXBuildFile; fileRef = C4B8F2AB2851CB0E0000B8CB /* Ex+UIView.swift */; };
		C4B8F2AE2851CB1F0000B8CB /* Ex+UITabBar.swift in Sources */ = {isa = PBXBuildFile; fileRef = C4B8F2AD2851CB1F0000B8CB /* Ex+UITabBar.swift */; };
		C4B8F2B5285236750000B8CB /* AlbumPhotoAddView.swift in Sources */ = {isa = PBXBuildFile; fileRef = C4B8F2B4285236750000B8CB /* AlbumPhotoAddView.swift */; };
		C4B8F2B8285237080000B8CB /* AlbumRecordAddView.swift in Sources */ = {isa = PBXBuildFile; fileRef = C4B8F2B7285237080000B8CB /* AlbumRecordAddView.swift */; };
		C4B8F2BC285289A30000B8CB /* MockData.swift in Sources */ = {isa = PBXBuildFile; fileRef = C4B8F2BB285289A20000B8CB /* MockData.swift */; };
		C4B8F2C12852912D0000B8CB /* AlbumPhotoAddList.swift in Sources */ = {isa = PBXBuildFile; fileRef = C4B8F2C02852912D0000B8CB /* AlbumPhotoAddList.swift */; };
		C4B8F2C3285292DD0000B8CB /* AlbumPhotoAddRow.swift in Sources */ = {isa = PBXBuildFile; fileRef = C4B8F2C2285292DD0000B8CB /* AlbumPhotoAddRow.swift */; };
		C4B8F2C8285348980000B8CB /* AlbumPhotoLibrary.swift in Sources */ = {isa = PBXBuildFile; fileRef = C4B8F2C7285348980000B8CB /* AlbumPhotoLibrary.swift */; };
		C4B8F2CC285474900000B8CB /* PinchToZoom.swift in Sources */ = {isa = PBXBuildFile; fileRef = C4B8F2CB285474900000B8CB /* PinchToZoom.swift */; };
		C4B8F2CE2854A6680000B8CB /* NavigationBarWithIconButtonStyle.swift in Sources */ = {isa = PBXBuildFile; fileRef = C4B8F2CD2854A6680000B8CB /* NavigationBarWithIconButtonStyle.swift */; };
		C4B8F2D42854A8510000B8CB /* NavigationBarInlineStyle.swift in Sources */ = {isa = PBXBuildFile; fileRef = C4B8F2D32854A8510000B8CB /* NavigationBarInlineStyle.swift */; };
		C4EC31C7284F8B380049F2C4 /* AlbumRow.swift in Sources */ = {isa = PBXBuildFile; fileRef = C4EC31C6284F8B380049F2C4 /* AlbumRow.swift */; };
		C4EC31CB284F8CBB0049F2C4 /* Album.swift in Sources */ = {isa = PBXBuildFile; fileRef = C4EC31CA284F8CBB0049F2C4 /* Album.swift */; };
		C4EC31D0284F99F30049F2C4 /* AlbumDetailView.swift in Sources */ = {isa = PBXBuildFile; fileRef = C4EC31CF284F99F30049F2C4 /* AlbumDetailView.swift */; };
		C4EC31E128504F2B0049F2C4 /* AlbumList.swift in Sources */ = {isa = PBXBuildFile; fileRef = C4EC31E028504F2B0049F2C4 /* AlbumList.swift */; };
		F3C6CFF8EE3699805063FBB2 /* Pods_Sofa_SofaUITests.framework in Frameworks */ = {isa = PBXBuildFile; fileRef = 8E72770DE00FE8DC5BDC3054 /* Pods_Sofa_SofaUITests.framework */; };
		F4C6071CC5A787C35479A7E7 /* Pods_SofaTests.framework in Frameworks */ = {isa = PBXBuildFile; fileRef = 639E791ADDF619043B6A741F /* Pods_SofaTests.framework */; };
/* End PBXBuildFile section */

/* Begin PBXContainerItemProxy section */
		C4667A3C284B6FF400A4A759 /* PBXContainerItemProxy */ = {
			isa = PBXContainerItemProxy;
			containerPortal = C4667A23284B6FF200A4A759 /* Project object */;
			proxyType = 1;
			remoteGlobalIDString = C4667A2A284B6FF200A4A759;
			remoteInfo = Sofa;
		};
		C4667A46284B6FF400A4A759 /* PBXContainerItemProxy */ = {
			isa = PBXContainerItemProxy;
			containerPortal = C4667A23284B6FF200A4A759 /* Project object */;
			proxyType = 1;
			remoteGlobalIDString = C4667A2A284B6FF200A4A759;
			remoteInfo = Sofa;
		};
/* End PBXContainerItemProxy section */

/* Begin PBXFileReference section */
		0A026875284BA8B700E7AF4A /* LoginView.swift */ = {isa = PBXFileReference; lastKnownFileType = sourcecode.swift; path = LoginView.swift; sourceTree = "<group>"; };
		0A026877284BA9A300E7AF4A /* Info.plist */ = {isa = PBXFileReference; lastKnownFileType = text.plist; path = Info.plist; sourceTree = "<group>"; };
		0A223B6D285F6D46002203ED /* Ex+UIDevice.swift */ = {isa = PBXFileReference; lastKnownFileType = sourcecode.swift; path = "Ex+UIDevice.swift"; sourceTree = "<group>"; };
		0A223B6F285F74BB002203ED /* Ex+UIColor.swift */ = {isa = PBXFileReference; lastKnownFileType = sourcecode.swift; path = "Ex+UIColor.swift"; sourceTree = "<group>"; };
		0A223B71285F75D6002203ED /* CustomText.swift */ = {isa = PBXFileReference; lastKnownFileType = sourcecode.swift; path = CustomText.swift; sourceTree = "<group>"; };
		0A2B55082858779D006F816C /* View.swift */ = {isa = PBXFileReference; lastKnownFileType = sourcecode.swift; path = View.swift; sourceTree = "<group>"; };
		0A4CFB8A285F79AB000603A5 /* Ex+Font.swift */ = {isa = PBXFileReference; lastKnownFileType = sourcecode.swift; path = "Ex+Font.swift"; sourceTree = "<group>"; };
		0A4CFB8C285F85C8000603A5 /* Pretendard-Thin.otf */ = {isa = PBXFileReference; lastKnownFileType = file; path = "Pretendard-Thin.otf"; sourceTree = "<group>"; };
		0A4CFB8D285F85C8000603A5 /* Pretendard-ExtraBold.otf */ = {isa = PBXFileReference; lastKnownFileType = file; path = "Pretendard-ExtraBold.otf"; sourceTree = "<group>"; };
		0A4CFB8E285F85C8000603A5 /* Pretendard-Black.otf */ = {isa = PBXFileReference; lastKnownFileType = file; path = "Pretendard-Black.otf"; sourceTree = "<group>"; };
		0A4CFB8F285F85C8000603A5 /* Pretendard-SemiBold.otf */ = {isa = PBXFileReference; lastKnownFileType = file; path = "Pretendard-SemiBold.otf"; sourceTree = "<group>"; };
		0A4CFB90285F85C8000603A5 /* Pretendard-Bold.otf */ = {isa = PBXFileReference; lastKnownFileType = file; path = "Pretendard-Bold.otf"; sourceTree = "<group>"; };
		0A4CFB91285F85C8000603A5 /* Pretendard-Medium.otf */ = {isa = PBXFileReference; lastKnownFileType = file; path = "Pretendard-Medium.otf"; sourceTree = "<group>"; };
		0A4CFB92285F85C8000603A5 /* Pretendard-ExtraLight.otf */ = {isa = PBXFileReference; lastKnownFileType = file; path = "Pretendard-ExtraLight.otf"; sourceTree = "<group>"; };
		0A4CFB93285F85C8000603A5 /* Pretendard-Light.otf */ = {isa = PBXFileReference; lastKnownFileType = file; path = "Pretendard-Light.otf"; sourceTree = "<group>"; };
		0A4CFB94285F85C8000603A5 /* Pretendard-Regular.otf */ = {isa = PBXFileReference; lastKnownFileType = file; path = "Pretendard-Regular.otf"; sourceTree = "<group>"; };
		0A4CFB9E285F8706000603A5 /* LibreBaskerville-Bold.ttf */ = {isa = PBXFileReference; lastKnownFileType = file; path = "LibreBaskerville-Bold.ttf"; sourceTree = "<group>"; };
		0A4CFBA0285F870B000603A5 /* LibreBaskerville-Regular.ttf */ = {isa = PBXFileReference; lastKnownFileType = file; path = "LibreBaskerville-Regular.ttf"; sourceTree = "<group>"; };
		0A858CBB2855BC6600907019 /* Ex+Color.swift */ = {isa = PBXFileReference; lastKnownFileType = sourcecode.swift; path = "Ex+Color.swift"; sourceTree = "<group>"; };
		0AAB367B2863816300A47B24 /* EventList.swift */ = {isa = PBXFileReference; lastKnownFileType = sourcecode.swift; path = EventList.swift; sourceTree = "<group>"; };
		0AAB367E286381C000A47B24 /* HomeInfo.swift */ = {isa = PBXFileReference; lastKnownFileType = sourcecode.swift; path = HomeInfo.swift; sourceTree = "<group>"; };
		0AAB36802864287E00A47B24 /* EventRow.swift */ = {isa = PBXFileReference; lastKnownFileType = sourcecode.swift; path = EventRow.swift; sourceTree = "<group>"; };
		0AAB368328642AC500A47B24 /* HomeInfoMock.json */ = {isa = PBXFileReference; lastKnownFileType = text.json; path = HomeInfoMock.json; sourceTree = "<group>"; };
		0AAB36F22865F32400A47B24 /* EventViewModel.swift */ = {isa = PBXFileReference; lastKnownFileType = sourcecode.swift; path = EventViewModel.swift; sourceTree = "<group>"; };
		0ABA0C1828579493005F2C6A /* LottieView.swift */ = {isa = PBXFileReference; lastKnownFileType = sourcecode.swift; path = LottieView.swift; sourceTree = "<group>"; };
		0ABA0C1A28579769005F2C6A /* 15025-bed.json */ = {isa = PBXFileReference; fileEncoding = 4; lastKnownFileType = text.json; path = "15025-bed.json"; sourceTree = "<group>"; };
		0ABA0C1C2857A30E005F2C6A /* LoginButtonView.swift */ = {isa = PBXFileReference; lastKnownFileType = sourcecode.swift; path = LoginButtonView.swift; sourceTree = "<group>"; };
		1C4D7E93BA18E55E098F1094 /* Pods_Sofa.framework */ = {isa = PBXFileReference; explicitFileType = wrapper.framework; includeInIndex = 0; path = Pods_Sofa.framework; sourceTree = BUILT_PRODUCTS_DIR; };
		1CBE8172BD1C8B15C2F363BF /* Pods-SofaTests.release.xcconfig */ = {isa = PBXFileReference; includeInIndex = 1; lastKnownFileType = text.xcconfig; name = "Pods-SofaTests.release.xcconfig"; path = "Target Support Files/Pods-SofaTests/Pods-SofaTests.release.xcconfig"; sourceTree = "<group>"; };
		3A02CB536760CF657C4244F9 /* Pods-Sofa-SofaUITests.debug.xcconfig */ = {isa = PBXFileReference; includeInIndex = 1; lastKnownFileType = text.xcconfig; name = "Pods-Sofa-SofaUITests.debug.xcconfig"; path = "Target Support Files/Pods-Sofa-SofaUITests/Pods-Sofa-SofaUITests.debug.xcconfig"; sourceTree = "<group>"; };
		50021B29414906AED1D134DA /* Pods-Sofa-SofaUITests.release.xcconfig */ = {isa = PBXFileReference; includeInIndex = 1; lastKnownFileType = text.xcconfig; name = "Pods-Sofa-SofaUITests.release.xcconfig"; path = "Target Support Files/Pods-Sofa-SofaUITests/Pods-Sofa-SofaUITests.release.xcconfig"; sourceTree = "<group>"; };
		588BECD91FBBFAF8621F7896 /* Pods-Sofa.debug.xcconfig */ = {isa = PBXFileReference; includeInIndex = 1; lastKnownFileType = text.xcconfig; name = "Pods-Sofa.debug.xcconfig"; path = "Target Support Files/Pods-Sofa/Pods-Sofa.debug.xcconfig"; sourceTree = "<group>"; };
		639E791ADDF619043B6A741F /* Pods_SofaTests.framework */ = {isa = PBXFileReference; explicitFileType = wrapper.framework; includeInIndex = 0; path = Pods_SofaTests.framework; sourceTree = BUILT_PRODUCTS_DIR; };
		6F22E523284B9CF00069D268 /* AlbumView.swift */ = {isa = PBXFileReference; lastKnownFileType = sourcecode.swift; path = AlbumView.swift; sourceTree = "<group>"; };
		6F22E525284B9CFD0069D268 /* CalendarView.swift */ = {isa = PBXFileReference; lastKnownFileType = sourcecode.swift; path = CalendarView.swift; sourceTree = "<group>"; };
		6F22E527284B9D050069D268 /* SettingsView.swift */ = {isa = PBXFileReference; lastKnownFileType = sourcecode.swift; path = SettingsView.swift; sourceTree = "<group>"; };
		6F22E529284B9D140069D268 /* HomeView.swift */ = {isa = PBXFileReference; lastKnownFileType = sourcecode.swift; path = HomeView.swift; sourceTree = "<group>"; };
		6F22E52B284B9D190069D268 /* WelcomeView.swift */ = {isa = PBXFileReference; lastKnownFileType = sourcecode.swift; path = WelcomeView.swift; sourceTree = "<group>"; };
		6F22E531284B9D330069D268 /* Network.swift */ = {isa = PBXFileReference; lastKnownFileType = sourcecode.swift; path = Network.swift; sourceTree = "<group>"; };
		6F22E537284B9D4F0069D268 /* Fonts.swift */ = {isa = PBXFileReference; lastKnownFileType = sourcecode.swift; path = Fonts.swift; sourceTree = "<group>"; };
		6F22E53B284B9D5A0069D268 /* Base.swift */ = {isa = PBXFileReference; lastKnownFileType = sourcecode.swift; path = Base.swift; sourceTree = "<group>"; };
		6F22E53D284B9D640069D268 /* Constants.swift */ = {isa = PBXFileReference; lastKnownFileType = sourcecode.swift; path = Constants.swift; sourceTree = "<group>"; };
		8E72770DE00FE8DC5BDC3054 /* Pods_Sofa_SofaUITests.framework */ = {isa = PBXFileReference; explicitFileType = wrapper.framework; includeInIndex = 0; path = Pods_Sofa_SofaUITests.framework; sourceTree = BUILT_PRODUCTS_DIR; };
		A1A5C5DA7B0EA0D195D6A129 /* Pods-SofaTests.debug.xcconfig */ = {isa = PBXFileReference; includeInIndex = 1; lastKnownFileType = text.xcconfig; name = "Pods-SofaTests.debug.xcconfig"; path = "Target Support Files/Pods-SofaTests/Pods-SofaTests.debug.xcconfig"; sourceTree = "<group>"; };
		C4667A2B284B6FF200A4A759 /* Sofa.app */ = {isa = PBXFileReference; explicitFileType = wrapper.application; includeInIndex = 0; path = Sofa.app; sourceTree = BUILT_PRODUCTS_DIR; };
		C4667A2E284B6FF200A4A759 /* SofaApp.swift */ = {isa = PBXFileReference; lastKnownFileType = sourcecode.swift; path = SofaApp.swift; sourceTree = "<group>"; };
		C4667A30284B6FF200A4A759 /* ContentView.swift */ = {isa = PBXFileReference; lastKnownFileType = sourcecode.swift; path = ContentView.swift; sourceTree = "<group>"; };
		C4667A32284B6FF400A4A759 /* Assets.xcassets */ = {isa = PBXFileReference; lastKnownFileType = folder.assetcatalog; path = Assets.xcassets; sourceTree = "<group>"; };
		C4667A35284B6FF400A4A759 /* Preview Assets.xcassets */ = {isa = PBXFileReference; lastKnownFileType = folder.assetcatalog; path = "Preview Assets.xcassets"; sourceTree = "<group>"; };
		C4667A3B284B6FF400A4A759 /* SofaTests.xctest */ = {isa = PBXFileReference; explicitFileType = wrapper.cfbundle; includeInIndex = 0; path = SofaTests.xctest; sourceTree = BUILT_PRODUCTS_DIR; };
		C4667A3F284B6FF400A4A759 /* SofaTests.swift */ = {isa = PBXFileReference; lastKnownFileType = sourcecode.swift; path = SofaTests.swift; sourceTree = "<group>"; };
		C4667A45284B6FF400A4A759 /* SofaUITests.xctest */ = {isa = PBXFileReference; explicitFileType = wrapper.cfbundle; includeInIndex = 0; path = SofaUITests.xctest; sourceTree = BUILT_PRODUCTS_DIR; };
		C4667A49284B6FF400A4A759 /* SofaUITests.swift */ = {isa = PBXFileReference; lastKnownFileType = sourcecode.swift; path = SofaUITests.swift; sourceTree = "<group>"; };
		C4667A4B284B6FF400A4A759 /* SofaUITestsLaunchTests.swift */ = {isa = PBXFileReference; lastKnownFileType = sourcecode.swift; path = SofaUITestsLaunchTests.swift; sourceTree = "<group>"; };
		C495F5EA2854F594009B3BDE /* Photo.swift */ = {isa = PBXFileReference; lastKnownFileType = sourcecode.swift; path = Photo.swift; sourceTree = "<group>"; };
		C495F5EC2855BB5E009B3BDE /* Ex+Date.swift */ = {isa = PBXFileReference; lastKnownFileType = sourcecode.swift; path = "Ex+Date.swift"; sourceTree = "<group>"; };
		C495F5EE2855C17C009B3BDE /* AlbumType.swift */ = {isa = PBXFileReference; lastKnownFileType = sourcecode.swift; path = AlbumType.swift; sourceTree = "<group>"; };
		C495F5F02855C3AA009B3BDE /* AlbumTypeRow.swift */ = {isa = PBXFileReference; lastKnownFileType = sourcecode.swift; path = AlbumTypeRow.swift; sourceTree = "<group>"; };
		C495F5F22855D668009B3BDE /* NavigationBarWithTextButtonStyle.swift */ = {isa = PBXFileReference; lastKnownFileType = sourcecode.swift; path = NavigationBarWithTextButtonStyle.swift; sourceTree = "<group>"; };
		C495F5F62855DAB3009B3BDE /* AlbumSelectDateView.swift */ = {isa = PBXFileReference; lastKnownFileType = sourcecode.swift; path = AlbumSelectDateView.swift; sourceTree = "<group>"; };
		C495F5F9285630C0009B3BDE /* AlbumDetail.swift */ = {isa = PBXFileReference; lastKnownFileType = sourcecode.swift; path = AlbumDetail.swift; sourceTree = "<group>"; };
		C495F5FB2856386A009B3BDE /* AlbumDetailRow.swift */ = {isa = PBXFileReference; lastKnownFileType = sourcecode.swift; path = AlbumDetailRow.swift; sourceTree = "<group>"; };
		C495F6002856446A009B3BDE /* AlbumDetailList.swift */ = {isa = PBXFileReference; lastKnownFileType = sourcecode.swift; path = AlbumDetailList.swift; sourceTree = "<group>"; };
		C4B8F2942850DA1C0000B8CB /* AlbumActionSheetItem.swift */ = {isa = PBXFileReference; lastKnownFileType = sourcecode.swift; path = AlbumActionSheetItem.swift; sourceTree = "<group>"; };
		C4B8F2962850E9850000B8CB /* GreyOutOfFocusView.swift */ = {isa = PBXFileReference; lastKnownFileType = sourcecode.swift; path = GreyOutOfFocusView.swift; sourceTree = "<group>"; };
		C4B8F29E285109410000B8CB /* AlbumActionSheetCard.swift */ = {isa = PBXFileReference; lastKnownFileType = sourcecode.swift; path = AlbumActionSheetCard.swift; sourceTree = "<group>"; };
		C4B8F2A52851CABF0000B8CB /* ShowTabBar.swift */ = {isa = PBXFileReference; lastKnownFileType = sourcecode.swift; path = ShowTabBar.swift; sourceTree = "<group>"; };
		C4B8F2A72851CAD50000B8CB /* HiddenTabBar.swift */ = {isa = PBXFileReference; lastKnownFileType = sourcecode.swift; path = HiddenTabBar.swift; sourceTree = "<group>"; };
		C4B8F2A92851CAF80000B8CB /* Ex+View.swift */ = {isa = PBXFileReference; lastKnownFileType = sourcecode.swift; path = "Ex+View.swift"; sourceTree = "<group>"; };
		C4B8F2AB2851CB0E0000B8CB /* Ex+UIView.swift */ = {isa = PBXFileReference; lastKnownFileType = sourcecode.swift; path = "Ex+UIView.swift"; sourceTree = "<group>"; };
		C4B8F2AD2851CB1F0000B8CB /* Ex+UITabBar.swift */ = {isa = PBXFileReference; lastKnownFileType = sourcecode.swift; path = "Ex+UITabBar.swift"; sourceTree = "<group>"; };
		C4B8F2B4285236750000B8CB /* AlbumPhotoAddView.swift */ = {isa = PBXFileReference; lastKnownFileType = sourcecode.swift; path = AlbumPhotoAddView.swift; sourceTree = "<group>"; };
		C4B8F2B7285237080000B8CB /* AlbumRecordAddView.swift */ = {isa = PBXFileReference; lastKnownFileType = sourcecode.swift; path = AlbumRecordAddView.swift; sourceTree = "<group>"; };
		C4B8F2BB285289A20000B8CB /* MockData.swift */ = {isa = PBXFileReference; lastKnownFileType = sourcecode.swift; path = MockData.swift; sourceTree = "<group>"; };
		C4B8F2C02852912D0000B8CB /* AlbumPhotoAddList.swift */ = {isa = PBXFileReference; lastKnownFileType = sourcecode.swift; path = AlbumPhotoAddList.swift; sourceTree = "<group>"; };
		C4B8F2C2285292DD0000B8CB /* AlbumPhotoAddRow.swift */ = {isa = PBXFileReference; lastKnownFileType = sourcecode.swift; path = AlbumPhotoAddRow.swift; sourceTree = "<group>"; };
		C4B8F2C7285348980000B8CB /* AlbumPhotoLibrary.swift */ = {isa = PBXFileReference; lastKnownFileType = sourcecode.swift; path = AlbumPhotoLibrary.swift; sourceTree = "<group>"; };
		C4B8F2CB285474900000B8CB /* PinchToZoom.swift */ = {isa = PBXFileReference; lastKnownFileType = sourcecode.swift; path = PinchToZoom.swift; sourceTree = "<group>"; };
		C4B8F2CD2854A6680000B8CB /* NavigationBarWithIconButtonStyle.swift */ = {isa = PBXFileReference; lastKnownFileType = sourcecode.swift; path = NavigationBarWithIconButtonStyle.swift; sourceTree = "<group>"; };
		C4B8F2D32854A8510000B8CB /* NavigationBarInlineStyle.swift */ = {isa = PBXFileReference; lastKnownFileType = sourcecode.swift; path = NavigationBarInlineStyle.swift; sourceTree = "<group>"; };
		C4EC31C6284F8B380049F2C4 /* AlbumRow.swift */ = {isa = PBXFileReference; lastKnownFileType = sourcecode.swift; path = AlbumRow.swift; sourceTree = "<group>"; };
		C4EC31CA284F8CBB0049F2C4 /* Album.swift */ = {isa = PBXFileReference; lastKnownFileType = sourcecode.swift; path = Album.swift; sourceTree = "<group>"; };
		C4EC31CF284F99F30049F2C4 /* AlbumDetailView.swift */ = {isa = PBXFileReference; lastKnownFileType = sourcecode.swift; path = AlbumDetailView.swift; sourceTree = "<group>"; };
		C4EC31E028504F2B0049F2C4 /* AlbumList.swift */ = {isa = PBXFileReference; lastKnownFileType = sourcecode.swift; path = AlbumList.swift; sourceTree = "<group>"; };
		E0A02E1DB0E3E122046A066D /* Pods-Sofa.release.xcconfig */ = {isa = PBXFileReference; includeInIndex = 1; lastKnownFileType = text.xcconfig; name = "Pods-Sofa.release.xcconfig"; path = "Target Support Files/Pods-Sofa/Pods-Sofa.release.xcconfig"; sourceTree = "<group>"; };
/* End PBXFileReference section */

/* Begin PBXFrameworksBuildPhase section */
		C4667A28284B6FF200A4A759 /* Frameworks */ = {
			isa = PBXFrameworksBuildPhase;
			buildActionMask = 2147483647;
			files = (
				187B1EF8C1191F4F7DA3BE39 /* Pods_Sofa.framework in Frameworks */,
			);
			runOnlyForDeploymentPostprocessing = 0;
		};
		C4667A38284B6FF400A4A759 /* Frameworks */ = {
			isa = PBXFrameworksBuildPhase;
			buildActionMask = 2147483647;
			files = (
				F4C6071CC5A787C35479A7E7 /* Pods_SofaTests.framework in Frameworks */,
			);
			runOnlyForDeploymentPostprocessing = 0;
		};
		C4667A42284B6FF400A4A759 /* Frameworks */ = {
			isa = PBXFrameworksBuildPhase;
			buildActionMask = 2147483647;
			files = (
				F3C6CFF8EE3699805063FBB2 /* Pods_Sofa_SofaUITests.framework in Frameworks */,
			);
			runOnlyForDeploymentPostprocessing = 0;
		};
/* End PBXFrameworksBuildPhase section */

/* Begin PBXGroup section */
		09546CDAD82BB26DF4AB9501 /* Pods */ = {
			isa = PBXGroup;
			children = (
				588BECD91FBBFAF8621F7896 /* Pods-Sofa.debug.xcconfig */,
				E0A02E1DB0E3E122046A066D /* Pods-Sofa.release.xcconfig */,
				3A02CB536760CF657C4244F9 /* Pods-Sofa-SofaUITests.debug.xcconfig */,
				50021B29414906AED1D134DA /* Pods-Sofa-SofaUITests.release.xcconfig */,
				A1A5C5DA7B0EA0D195D6A129 /* Pods-SofaTests.debug.xcconfig */,
				1CBE8172BD1C8B15C2F363BF /* Pods-SofaTests.release.xcconfig */,
			);
			path = Pods;
			sourceTree = "<group>";
		};
		0AAB367A2863814F00A47B24 /* SubViews */ = {
			isa = PBXGroup;
			children = (
				0AAB367D2863817500A47B24 /* Row */,
				0AAB367B2863816300A47B24 /* EventList.swift */,
			);
			path = SubViews;
			sourceTree = "<group>";
		};
		0AAB367D2863817500A47B24 /* Row */ = {
			isa = PBXGroup;
			children = (
				0AAB36802864287E00A47B24 /* EventRow.swift */,
			);
			path = Row;
			sourceTree = "<group>";
		};
		0AAB36F62866188100A47B24 /* ViewModel */ = {
			isa = PBXGroup;
			children = (
				0AAB36F22865F32400A47B24 /* EventViewModel.swift */,
			);
			path = ViewModel;
			sourceTree = "<group>";
		};
		0ABA0C1E2857A31B005F2C6A /* LoginSubViews */ = {
			isa = PBXGroup;
			children = (
				0ABA0C1828579493005F2C6A /* LottieView.swift */,
				0ABA0C1C2857A30E005F2C6A /* LoginButtonView.swift */,
				0A223B71285F75D6002203ED /* CustomText.swift */,
			);
			path = LoginSubViews;
			sourceTree = "<group>";
		};
		6F22E51E284B9CB60069D268 /* Welcome */ = {
			isa = PBXGroup;
			children = (
				6F22E52B284B9D190069D268 /* WelcomeView.swift */,
				0A026875284BA8B700E7AF4A /* LoginView.swift */,
				0ABA0C1E2857A31B005F2C6A /* LoginSubViews */,
			);
			path = Welcome;
			sourceTree = "<group>";
		};
		6F22E51F284B9CBA0069D268 /* Home */ = {
			isa = PBXGroup;
			children = (
				6F22E529284B9D140069D268 /* HomeView.swift */,
				0AAB36F62866188100A47B24 /* ViewModel */,
				0AAB367A2863814F00A47B24 /* SubViews */,
			);
			path = Home;
			sourceTree = "<group>";
		};
		6F22E520284B9CC30069D268 /* Settings */ = {
			isa = PBXGroup;
			children = (
				6F22E527284B9D050069D268 /* SettingsView.swift */,
			);
			path = Settings;
			sourceTree = "<group>";
		};
		6F22E521284B9CD40069D268 /* Calendar */ = {
			isa = PBXGroup;
			children = (
				6F22E525284B9CFD0069D268 /* CalendarView.swift */,
			);
			path = Calendar;
			sourceTree = "<group>";
		};
		6F22E522284B9CDC0069D268 /* Album */ = {
			isa = PBXGroup;
			children = (
				6F22E523284B9CF00069D268 /* AlbumView.swift */,
				C4667A84284BA97000A4A759 /* SubViews */,
			);
			path = Album;
			sourceTree = "<group>";
		};
		6F22E52D284B9D1D0069D268 /* Models */ = {
			isa = PBXGroup;
			children = (
				C4EC31CA284F8CBB0049F2C4 /* Album.swift */,
				C495F5EE2855C17C009B3BDE /* AlbumType.swift */,
				C495F5F9285630C0009B3BDE /* AlbumDetail.swift */,
				C495F5EA2854F594009B3BDE /* Photo.swift */,
				0AAB367E286381C000A47B24 /* HomeInfo.swift */,
			);
			path = Models;
			sourceTree = "<group>";
		};
		6F22E52E284B9D220069D268 /* Network */ = {
			isa = PBXGroup;
			children = (
				6F22E531284B9D330069D268 /* Network.swift */,
			);
			path = Network;
			sourceTree = "<group>";
		};
		6F22E533284B9D370069D268 /* Base */ = {
			isa = PBXGroup;
			children = (
				6F22E53B284B9D5A0069D268 /* Base.swift */,
			);
			path = Base;
			sourceTree = "<group>";
		};
		6F22E534284B9D3B0069D268 /* Constants */ = {
			isa = PBXGroup;
			children = (
				6F22E53D284B9D640069D268 /* Constants.swift */,
			);
			name = Constants;
			path = Base/Constants;
			sourceTree = "<group>";
		};
		6F22E535284B9D400069D268 /* Extensions */ = {
			isa = PBXGroup;
			children = (
				C495F5EC2855BB5E009B3BDE /* Ex+Date.swift */,
				C4B8F2A92851CAF80000B8CB /* Ex+View.swift */,
				C4B8F2AB2851CB0E0000B8CB /* Ex+UIView.swift */,
				C4B8F2AD2851CB1F0000B8CB /* Ex+UITabBar.swift */,
				0A858CBB2855BC6600907019 /* Ex+Color.swift */,
				0A223B6F285F74BB002203ED /* Ex+UIColor.swift */,
				0A223B6D285F6D46002203ED /* Ex+UIDevice.swift */,
				0A4CFB8A285F79AB000603A5 /* Ex+Font.swift */,
				0A2B55082858779D006F816C /* View.swift */,
			);
			path = Extensions;
			sourceTree = "<group>";
		};
		6F22E536284B9D470069D268 /* Fonts */ = {
			isa = PBXGroup;
			children = (
				0A4CFBA0285F870B000603A5 /* LibreBaskerville-Regular.ttf */,
				0A4CFB9E285F8706000603A5 /* LibreBaskerville-Bold.ttf */,
				0A4CFB8E285F85C8000603A5 /* Pretendard-Black.otf */,
				0A4CFB90285F85C8000603A5 /* Pretendard-Bold.otf */,
				0A4CFB8D285F85C8000603A5 /* Pretendard-ExtraBold.otf */,
				0A4CFB92285F85C8000603A5 /* Pretendard-ExtraLight.otf */,
				0A4CFB93285F85C8000603A5 /* Pretendard-Light.otf */,
				0A4CFB91285F85C8000603A5 /* Pretendard-Medium.otf */,
				0A4CFB94285F85C8000603A5 /* Pretendard-Regular.otf */,
				0A4CFB8F285F85C8000603A5 /* Pretendard-SemiBold.otf */,
				0A4CFB8C285F85C8000603A5 /* Pretendard-Thin.otf */,
				6F22E537284B9D4F0069D268 /* Fonts.swift */,
			);
			path = Fonts;
			sourceTree = "<group>";
		};
		90164B8C881D23443C7F01C5 /* Frameworks */ = {
			isa = PBXGroup;
			children = (
				1C4D7E93BA18E55E098F1094 /* Pods_Sofa.framework */,
				8E72770DE00FE8DC5BDC3054 /* Pods_Sofa_SofaUITests.framework */,
				639E791ADDF619043B6A741F /* Pods_SofaTests.framework */,
			);
			name = Frameworks;
			sourceTree = "<group>";
		};
		C4667A22284B6FF200A4A759 = {
			isa = PBXGroup;
			children = (
				C4667A2D284B6FF200A4A759 /* Sofa */,
				C4667A3E284B6FF400A4A759 /* SofaTests */,
				C4667A48284B6FF400A4A759 /* SofaUITests */,
				C4667A2C284B6FF200A4A759 /* Products */,
				09546CDAD82BB26DF4AB9501 /* Pods */,
				90164B8C881D23443C7F01C5 /* Frameworks */,
			);
			sourceTree = "<group>";
		};
		C4667A2C284B6FF200A4A759 /* Products */ = {
			isa = PBXGroup;
			children = (
				C4667A2B284B6FF200A4A759 /* Sofa.app */,
				C4667A3B284B6FF400A4A759 /* SofaTests.xctest */,
				C4667A45284B6FF400A4A759 /* SofaUITests.xctest */,
			);
			name = Products;
			sourceTree = "<group>";
		};
		C4667A2D284B6FF200A4A759 /* Sofa */ = {
			isa = PBXGroup;
			children = (
				0A026877284BA9A300E7AF4A /* Info.plist */,
				C4667A2E284B6FF200A4A759 /* SofaApp.swift */,
				C4667A58284B74F100A4A759 /* Configuration */,
				C4667A34284B6FF400A4A759 /* Sources */,
			);
			path = Sofa;
			sourceTree = "<group>";
		};
		C4667A34284B6FF400A4A759 /* Sources */ = {
			isa = PBXGroup;
			children = (
				6F22E52D284B9D1D0069D268 /* Models */,
				6F22E52E284B9D220069D268 /* Network */,
				C4667A5F284B758500A4A759 /* View */,
			);
			path = Sources;
			sourceTree = "<group>";
		};
		C4667A3E284B6FF400A4A759 /* SofaTests */ = {
			isa = PBXGroup;
			children = (
				C4667A3F284B6FF400A4A759 /* SofaTests.swift */,
			);
			path = SofaTests;
			sourceTree = "<group>";
		};
		C4667A48284B6FF400A4A759 /* SofaUITests */ = {
			isa = PBXGroup;
			children = (
				C4667A49284B6FF400A4A759 /* SofaUITests.swift */,
				C4667A4B284B6FF400A4A759 /* SofaUITestsLaunchTests.swift */,
			);
			path = SofaUITests;
			sourceTree = "<group>";
		};
		C4667A58284B74F100A4A759 /* Configuration */ = {
			isa = PBXGroup;
			children = (
				C4667A5D284B752600A4A759 /* Assets */,
				6F22E533284B9D370069D268 /* Base */,
				6F22E534284B9D3B0069D268 /* Constants */,
				6F22E535284B9D400069D268 /* Extensions */,
				C4B8F2A42851CAA70000B8CB /* ViewModifiers */,
				C4B8F2BA2852895A0000B8CB /* Mock */,
				6F22E536284B9D470069D268 /* Fonts */,
			);
			path = Configuration;
			sourceTree = "<group>";
		};
		C4667A5D284B752600A4A759 /* Assets */ = {
			isa = PBXGroup;
			children = (
				0ABA0C1A28579769005F2C6A /* 15025-bed.json */,
				C4667A35284B6FF400A4A759 /* Preview Assets.xcassets */,
				C4667A32284B6FF400A4A759 /* Assets.xcassets */,
			);
			path = Assets;
			sourceTree = "<group>";
		};
		C4667A5F284B758500A4A759 /* View */ = {
			isa = PBXGroup;
			children = (
				C4667A30284B6FF200A4A759 /* ContentView.swift */,
				6F22E51E284B9CB60069D268 /* Welcome */,
				6F22E51F284B9CBA0069D268 /* Home */,
				6F22E521284B9CD40069D268 /* Calendar */,
				6F22E522284B9CDC0069D268 /* Album */,
				6F22E520284B9CC30069D268 /* Settings */,
			);
			path = View;
			sourceTree = "<group>";
		};
		C4667A84284BA97000A4A759 /* SubViews */ = {
			isa = PBXGroup;
			children = (
				C4EC31C3284F8A740049F2C4 /* Row */,
				C4B8F2932850DA0E0000B8CB /* ActionSheet */,
				C4B8F2B32852360A0000B8CB /* AlbumAddView */,
				C495F5F42855DA1A009B3BDE /* AlbumSelectDateView */,
				C4EC31CE284F99BF0049F2C4 /* AlbumDetailView */,
			);
			path = SubViews;
			sourceTree = "<group>";
		};
		C495F5F42855DA1A009B3BDE /* AlbumSelectDateView */ = {
			isa = PBXGroup;
			children = (
				C495F5F62855DAB3009B3BDE /* AlbumSelectDateView.swift */,
			);
			path = AlbumSelectDateView;
			sourceTree = "<group>";
		};
		C495F5FD2856387E009B3BDE /* Row */ = {
			isa = PBXGroup;
			children = (
				C495F5FB2856386A009B3BDE /* AlbumDetailRow.swift */,
				C495F6002856446A009B3BDE /* AlbumDetailList.swift */,
			);
			path = Row;
			sourceTree = "<group>";
		};
		C495F60228571F51009B3BDE /* AlbumRecordAddView */ = {
			isa = PBXGroup;
			children = (
				C4B8F2B7285237080000B8CB /* AlbumRecordAddView.swift */,
			);
			path = AlbumRecordAddView;
			sourceTree = "<group>";
		};
		C495F60328571FC7009B3BDE /* SubViews */ = {
			isa = PBXGroup;
			children = (
				C495F5FD2856387E009B3BDE /* Row */,
			);
			path = SubViews;
			sourceTree = "<group>";
		};
		C4B8F2932850DA0E0000B8CB /* ActionSheet */ = {
			isa = PBXGroup;
			children = (
				C4B8F29E285109410000B8CB /* AlbumActionSheetCard.swift */,
				C4B8F2942850DA1C0000B8CB /* AlbumActionSheetItem.swift */,
				C4B8F2962850E9850000B8CB /* GreyOutOfFocusView.swift */,
			);
			path = ActionSheet;
			sourceTree = "<group>";
		};
		C4B8F2A42851CAA70000B8CB /* ViewModifiers */ = {
			isa = PBXGroup;
			children = (
				C4B8F2A52851CABF0000B8CB /* ShowTabBar.swift */,
				C4B8F2A72851CAD50000B8CB /* HiddenTabBar.swift */,
				C4B8F2CB285474900000B8CB /* PinchToZoom.swift */,
				C4B8F2CD2854A6680000B8CB /* NavigationBarWithIconButtonStyle.swift */,
				C495F5F22855D668009B3BDE /* NavigationBarWithTextButtonStyle.swift */,
				C4B8F2D32854A8510000B8CB /* NavigationBarInlineStyle.swift */,
			);
			path = ViewModifiers;
			sourceTree = "<group>";
		};
		C4B8F2B32852360A0000B8CB /* AlbumAddView */ = {
			isa = PBXGroup;
			children = (
				C4B8F2BD2852908E0000B8CB /* AlbumPhotoAddView */,
				C495F60228571F51009B3BDE /* AlbumRecordAddView */,
			);
			path = AlbumAddView;
			sourceTree = "<group>";
		};
		C4B8F2BA2852895A0000B8CB /* Mock */ = {
			isa = PBXGroup;
			children = (
				0AAB368328642AC500A47B24 /* HomeInfoMock.json */,
				C4B8F2BB285289A20000B8CB /* MockData.swift */,
			);
			path = Mock;
			sourceTree = "<group>";
		};
		C4B8F2BD2852908E0000B8CB /* AlbumPhotoAddView */ = {
			isa = PBXGroup;
			children = (
				C4B8F2B4285236750000B8CB /* AlbumPhotoAddView.swift */,
				C4B8F2BF285290FE0000B8CB /* SubViews */,
			);
			path = AlbumPhotoAddView;
			sourceTree = "<group>";
		};
		C4B8F2BF285290FE0000B8CB /* SubViews */ = {
			isa = PBXGroup;
			children = (
				C4B8F2C5285292FE0000B8CB /* Row */,
			);
			path = SubViews;
			sourceTree = "<group>";
		};
		C4B8F2C5285292FE0000B8CB /* Row */ = {
			isa = PBXGroup;
			children = (
				C4B8F2C7285348980000B8CB /* AlbumPhotoLibrary.swift */,
				C4B8F2C2285292DD0000B8CB /* AlbumPhotoAddRow.swift */,
				C4B8F2C02852912D0000B8CB /* AlbumPhotoAddList.swift */,
			);
			path = Row;
			sourceTree = "<group>";
		};
		C4EC31C3284F8A740049F2C4 /* Row */ = {
			isa = PBXGroup;
			children = (
				C4EC31C6284F8B380049F2C4 /* AlbumRow.swift */,
				C495F5F02855C3AA009B3BDE /* AlbumTypeRow.swift */,
				C4EC31E028504F2B0049F2C4 /* AlbumList.swift */,
			);
			path = Row;
			sourceTree = "<group>";
		};
		C4EC31CE284F99BF0049F2C4 /* AlbumDetailView */ = {
			isa = PBXGroup;
			children = (
				C4EC31CF284F99F30049F2C4 /* AlbumDetailView.swift */,
				C495F60328571FC7009B3BDE /* SubViews */,
			);
			path = AlbumDetailView;
			sourceTree = "<group>";
		};
/* End PBXGroup section */

/* Begin PBXNativeTarget section */
		C4667A2A284B6FF200A4A759 /* Sofa */ = {
			isa = PBXNativeTarget;
			buildConfigurationList = C4667A4F284B6FF400A4A759 /* Build configuration list for PBXNativeTarget "Sofa" */;
			buildPhases = (
				69EC5C871DE917C1F1773404 /* [CP] Check Pods Manifest.lock */,
				C4667A27284B6FF200A4A759 /* Sources */,
				C4667A28284B6FF200A4A759 /* Frameworks */,
				C4667A29284B6FF200A4A759 /* Resources */,
				139511511FB3B3CE650F2A24 /* [CP] Embed Pods Frameworks */,
			);
			buildRules = (
			);
			dependencies = (
			);
			name = Sofa;
			productName = Sofa;
			productReference = C4667A2B284B6FF200A4A759 /* Sofa.app */;
			productType = "com.apple.product-type.application";
		};
		C4667A3A284B6FF400A4A759 /* SofaTests */ = {
			isa = PBXNativeTarget;
			buildConfigurationList = C4667A52284B6FF400A4A759 /* Build configuration list for PBXNativeTarget "SofaTests" */;
			buildPhases = (
				D0EB648133A6516277D4C475 /* [CP] Check Pods Manifest.lock */,
				C4667A37284B6FF400A4A759 /* Sources */,
				C4667A38284B6FF400A4A759 /* Frameworks */,
				C4667A39284B6FF400A4A759 /* Resources */,
			);
			buildRules = (
			);
			dependencies = (
				C4667A3D284B6FF400A4A759 /* PBXTargetDependency */,
			);
			name = SofaTests;
			productName = SofaTests;
			productReference = C4667A3B284B6FF400A4A759 /* SofaTests.xctest */;
			productType = "com.apple.product-type.bundle.unit-test";
		};
		C4667A44284B6FF400A4A759 /* SofaUITests */ = {
			isa = PBXNativeTarget;
			buildConfigurationList = C4667A55284B6FF400A4A759 /* Build configuration list for PBXNativeTarget "SofaUITests" */;
			buildPhases = (
				32BDBF7A3EF775C1963BB4F7 /* [CP] Check Pods Manifest.lock */,
				C4667A41284B6FF400A4A759 /* Sources */,
				C4667A42284B6FF400A4A759 /* Frameworks */,
				C4667A43284B6FF400A4A759 /* Resources */,
				57D937420589C661CCFD68FB /* [CP] Embed Pods Frameworks */,
			);
			buildRules = (
			);
			dependencies = (
				C4667A47284B6FF400A4A759 /* PBXTargetDependency */,
			);
			name = SofaUITests;
			productName = SofaUITests;
			productReference = C4667A45284B6FF400A4A759 /* SofaUITests.xctest */;
			productType = "com.apple.product-type.bundle.ui-testing";
		};
/* End PBXNativeTarget section */

/* Begin PBXProject section */
		C4667A23284B6FF200A4A759 /* Project object */ = {
			isa = PBXProject;
			attributes = {
				BuildIndependentTargetsInParallel = 1;
				LastSwiftUpdateCheck = 1340;
				LastUpgradeCheck = 1340;
				TargetAttributes = {
					C4667A2A284B6FF200A4A759 = {
						CreatedOnToolsVersion = 13.4.1;
					};
					C4667A3A284B6FF400A4A759 = {
						CreatedOnToolsVersion = 13.4.1;
						TestTargetID = C4667A2A284B6FF200A4A759;
					};
					C4667A44284B6FF400A4A759 = {
						CreatedOnToolsVersion = 13.4.1;
						TestTargetID = C4667A2A284B6FF200A4A759;
					};
				};
			};
			buildConfigurationList = C4667A26284B6FF200A4A759 /* Build configuration list for PBXProject "Sofa" */;
			compatibilityVersion = "Xcode 13.0";
			developmentRegion = en;
			hasScannedForEncodings = 0;
			knownRegions = (
				en,
				Base,
			);
			mainGroup = C4667A22284B6FF200A4A759;
			productRefGroup = C4667A2C284B6FF200A4A759 /* Products */;
			projectDirPath = "";
			projectRoot = "";
			targets = (
				C4667A2A284B6FF200A4A759 /* Sofa */,
				C4667A3A284B6FF400A4A759 /* SofaTests */,
				C4667A44284B6FF400A4A759 /* SofaUITests */,
			);
		};
/* End PBXProject section */

/* Begin PBXResourcesBuildPhase section */
		C4667A29284B6FF200A4A759 /* Resources */ = {
			isa = PBXResourcesBuildPhase;
			buildActionMask = 2147483647;
			files = (
				C4667A36284B6FF400A4A759 /* Preview Assets.xcassets in Resources */,
				0A4CFBA1285F870B000603A5 /* LibreBaskerville-Regular.ttf in Resources */,
				0A4CFB9D285F85C8000603A5 /* Pretendard-Regular.otf in Resources */,
				0A4CFB99285F85C8000603A5 /* Pretendard-Bold.otf in Resources */,
				0A4CFB9B285F85C8000603A5 /* Pretendard-ExtraLight.otf in Resources */,
				0A4CFB9F285F8706000603A5 /* LibreBaskerville-Bold.ttf in Resources */,
				0ABA0C1B28579769005F2C6A /* 15025-bed.json in Resources */,
				0A4CFB98285F85C8000603A5 /* Pretendard-SemiBold.otf in Resources */,
				0A4CFB9C285F85C8000603A5 /* Pretendard-Light.otf in Resources */,
				0AAB368428642AC500A47B24 /* HomeInfoMock.json in Resources */,
				0A4CFB96285F85C8000603A5 /* Pretendard-ExtraBold.otf in Resources */,
				C4667A33284B6FF400A4A759 /* Assets.xcassets in Resources */,
				0A4CFB97285F85C8000603A5 /* Pretendard-Black.otf in Resources */,
				0A4CFB95285F85C8000603A5 /* Pretendard-Thin.otf in Resources */,
				0A4CFB9A285F85C8000603A5 /* Pretendard-Medium.otf in Resources */,
			);
			runOnlyForDeploymentPostprocessing = 0;
		};
		C4667A39284B6FF400A4A759 /* Resources */ = {
			isa = PBXResourcesBuildPhase;
			buildActionMask = 2147483647;
			files = (
			);
			runOnlyForDeploymentPostprocessing = 0;
		};
		C4667A43284B6FF400A4A759 /* Resources */ = {
			isa = PBXResourcesBuildPhase;
			buildActionMask = 2147483647;
			files = (
			);
			runOnlyForDeploymentPostprocessing = 0;
		};
/* End PBXResourcesBuildPhase section */

/* Begin PBXShellScriptBuildPhase section */
		139511511FB3B3CE650F2A24 /* [CP] Embed Pods Frameworks */ = {
			isa = PBXShellScriptBuildPhase;
			buildActionMask = 2147483647;
			files = (
			);
			inputFileListPaths = (
				"${PODS_ROOT}/Target Support Files/Pods-Sofa/Pods-Sofa-frameworks-${CONFIGURATION}-input-files.xcfilelist",
			);
			name = "[CP] Embed Pods Frameworks";
			outputFileListPaths = (
				"${PODS_ROOT}/Target Support Files/Pods-Sofa/Pods-Sofa-frameworks-${CONFIGURATION}-output-files.xcfilelist",
			);
			runOnlyForDeploymentPostprocessing = 0;
			shellPath = /bin/sh;
			shellScript = "\"${PODS_ROOT}/Target Support Files/Pods-Sofa/Pods-Sofa-frameworks.sh\"\n";
			showEnvVarsInLog = 0;
		};
		32BDBF7A3EF775C1963BB4F7 /* [CP] Check Pods Manifest.lock */ = {
			isa = PBXShellScriptBuildPhase;
			buildActionMask = 2147483647;
			files = (
			);
			inputFileListPaths = (
			);
			inputPaths = (
				"${PODS_PODFILE_DIR_PATH}/Podfile.lock",
				"${PODS_ROOT}/Manifest.lock",
			);
			name = "[CP] Check Pods Manifest.lock";
			outputFileListPaths = (
			);
			outputPaths = (
				"$(DERIVED_FILE_DIR)/Pods-Sofa-SofaUITests-checkManifestLockResult.txt",
			);
			runOnlyForDeploymentPostprocessing = 0;
			shellPath = /bin/sh;
			shellScript = "diff \"${PODS_PODFILE_DIR_PATH}/Podfile.lock\" \"${PODS_ROOT}/Manifest.lock\" > /dev/null\nif [ $? != 0 ] ; then\n    # print error to STDERR\n    echo \"error: The sandbox is not in sync with the Podfile.lock. Run 'pod install' or update your CocoaPods installation.\" >&2\n    exit 1\nfi\n# This output is used by Xcode 'outputs' to avoid re-running this script phase.\necho \"SUCCESS\" > \"${SCRIPT_OUTPUT_FILE_0}\"\n";
			showEnvVarsInLog = 0;
		};
		57D937420589C661CCFD68FB /* [CP] Embed Pods Frameworks */ = {
			isa = PBXShellScriptBuildPhase;
			buildActionMask = 2147483647;
			files = (
			);
			inputFileListPaths = (
				"${PODS_ROOT}/Target Support Files/Pods-Sofa-SofaUITests/Pods-Sofa-SofaUITests-frameworks-${CONFIGURATION}-input-files.xcfilelist",
			);
			name = "[CP] Embed Pods Frameworks";
			outputFileListPaths = (
				"${PODS_ROOT}/Target Support Files/Pods-Sofa-SofaUITests/Pods-Sofa-SofaUITests-frameworks-${CONFIGURATION}-output-files.xcfilelist",
			);
			runOnlyForDeploymentPostprocessing = 0;
			shellPath = /bin/sh;
			shellScript = "\"${PODS_ROOT}/Target Support Files/Pods-Sofa-SofaUITests/Pods-Sofa-SofaUITests-frameworks.sh\"\n";
			showEnvVarsInLog = 0;
		};
		69EC5C871DE917C1F1773404 /* [CP] Check Pods Manifest.lock */ = {
			isa = PBXShellScriptBuildPhase;
			buildActionMask = 2147483647;
			files = (
			);
			inputFileListPaths = (
			);
			inputPaths = (
				"${PODS_PODFILE_DIR_PATH}/Podfile.lock",
				"${PODS_ROOT}/Manifest.lock",
			);
			name = "[CP] Check Pods Manifest.lock";
			outputFileListPaths = (
			);
			outputPaths = (
				"$(DERIVED_FILE_DIR)/Pods-Sofa-checkManifestLockResult.txt",
			);
			runOnlyForDeploymentPostprocessing = 0;
			shellPath = /bin/sh;
			shellScript = "diff \"${PODS_PODFILE_DIR_PATH}/Podfile.lock\" \"${PODS_ROOT}/Manifest.lock\" > /dev/null\nif [ $? != 0 ] ; then\n    # print error to STDERR\n    echo \"error: The sandbox is not in sync with the Podfile.lock. Run 'pod install' or update your CocoaPods installation.\" >&2\n    exit 1\nfi\n# This output is used by Xcode 'outputs' to avoid re-running this script phase.\necho \"SUCCESS\" > \"${SCRIPT_OUTPUT_FILE_0}\"\n";
			showEnvVarsInLog = 0;
		};
		D0EB648133A6516277D4C475 /* [CP] Check Pods Manifest.lock */ = {
			isa = PBXShellScriptBuildPhase;
			buildActionMask = 2147483647;
			files = (
			);
			inputFileListPaths = (
			);
			inputPaths = (
				"${PODS_PODFILE_DIR_PATH}/Podfile.lock",
				"${PODS_ROOT}/Manifest.lock",
			);
			name = "[CP] Check Pods Manifest.lock";
			outputFileListPaths = (
			);
			outputPaths = (
				"$(DERIVED_FILE_DIR)/Pods-SofaTests-checkManifestLockResult.txt",
			);
			runOnlyForDeploymentPostprocessing = 0;
			shellPath = /bin/sh;
			shellScript = "diff \"${PODS_PODFILE_DIR_PATH}/Podfile.lock\" \"${PODS_ROOT}/Manifest.lock\" > /dev/null\nif [ $? != 0 ] ; then\n    # print error to STDERR\n    echo \"error: The sandbox is not in sync with the Podfile.lock. Run 'pod install' or update your CocoaPods installation.\" >&2\n    exit 1\nfi\n# This output is used by Xcode 'outputs' to avoid re-running this script phase.\necho \"SUCCESS\" > \"${SCRIPT_OUTPUT_FILE_0}\"\n";
			showEnvVarsInLog = 0;
		};
/* End PBXShellScriptBuildPhase section */

/* Begin PBXSourcesBuildPhase section */
		C4667A27284B6FF200A4A759 /* Sources */ = {
			isa = PBXSourcesBuildPhase;
			buildActionMask = 2147483647;
			files = (
				C4B8F2CC285474900000B8CB /* PinchToZoom.swift in Sources */,
				C4B8F2BC285289A30000B8CB /* MockData.swift in Sources */,
				C4B8F2972850E9850000B8CB /* GreyOutOfFocusView.swift in Sources */,
				0AAB36F32865F32400A47B24 /* EventViewModel.swift in Sources */,
				C4B8F2C8285348980000B8CB /* AlbumPhotoLibrary.swift in Sources */,
				C4EC31CB284F8CBB0049F2C4 /* Album.swift in Sources */,
				0AAB367F286381C000A47B24 /* HomeInfo.swift in Sources */,
				6F22E53C284B9D5A0069D268 /* Base.swift in Sources */,
				C495F5F72855DAB3009B3BDE /* AlbumSelectDateView.swift in Sources */,
				C495F5F12855C3AA009B3BDE /* AlbumTypeRow.swift in Sources */,
				C495F5EF2855C17C009B3BDE /* AlbumType.swift in Sources */,
				0AAB36812864287E00A47B24 /* EventRow.swift in Sources */,
				0ABA0C1928579493005F2C6A /* LottieView.swift in Sources */,
				6F22E528284B9D050069D268 /* SettingsView.swift in Sources */,
				C495F5EB2854F594009B3BDE /* Photo.swift in Sources */,
				C4B8F2AC2851CB0E0000B8CB /* Ex+UIView.swift in Sources */,
				0A223B72285F75D6002203ED /* CustomText.swift in Sources */,
				6F22E524284B9CF00069D268 /* AlbumView.swift in Sources */,
				C4B8F2C3285292DD0000B8CB /* AlbumPhotoAddRow.swift in Sources */,
				C4B8F2B8285237080000B8CB /* AlbumRecordAddView.swift in Sources */,
				C4B8F2B5285236750000B8CB /* AlbumPhotoAddView.swift in Sources */,
				0A4CFB8B285F79AB000603A5 /* Ex+Font.swift in Sources */,
				C4667A31284B6FF200A4A759 /* ContentView.swift in Sources */,
				0AAB367C2863816300A47B24 /* EventList.swift in Sources */,
				C4B8F2A62851CABF0000B8CB /* ShowTabBar.swift in Sources */,
				0ABA0C1D2857A30E005F2C6A /* LoginButtonView.swift in Sources */,
				C4667A31284B6FF200A4A759 /* ContentView.swift in Sources */,
				0A2B55092858779D006F816C /* View.swift in Sources */,
				C4EC31E128504F2B0049F2C4 /* AlbumList.swift in Sources */,
				C4B8F2C12852912D0000B8CB /* AlbumPhotoAddList.swift in Sources */,
				0A858CBC2855BC6600907019 /* Ex+Color.swift in Sources */,
				6F22E52A284B9D140069D268 /* HomeView.swift in Sources */,
				C4B8F2A82851CAD50000B8CB /* HiddenTabBar.swift in Sources */,
				C4B8F2AE2851CB1F0000B8CB /* Ex+UITabBar.swift in Sources */,
				6F22E532284B9D330069D268 /* Network.swift in Sources */,
				6F22E53E284B9D640069D268 /* Constants.swift in Sources */,
				C4B8F2AA2851CAF80000B8CB /* Ex+View.swift in Sources */,
				C495F6012856446A009B3BDE /* AlbumDetailList.swift in Sources */,
				C495F5FC2856386A009B3BDE /* AlbumDetailRow.swift in Sources */,
				C495F5F32855D668009B3BDE /* NavigationBarWithTextButtonStyle.swift in Sources */,
				0A223B6E285F6D46002203ED /* Ex+UIDevice.swift in Sources */,
				0A223B70285F74BB002203ED /* Ex+UIColor.swift in Sources */,
				C4EC31C7284F8B380049F2C4 /* AlbumRow.swift in Sources */,
				0A026876284BA8B700E7AF4A /* LoginView.swift in Sources */,
				C4EC31D0284F99F30049F2C4 /* AlbumDetailView.swift in Sources */,
				C4B8F29F285109410000B8CB /* AlbumActionSheetCard.swift in Sources */,
				6F22E538284B9D4F0069D268 /* Fonts.swift in Sources */,
				C4B8F2D42854A8510000B8CB /* NavigationBarInlineStyle.swift in Sources */,
				6F22E526284B9CFD0069D268 /* CalendarView.swift in Sources */,
				C495F5FA285630C0009B3BDE /* AlbumDetail.swift in Sources */,
				C4667A2F284B6FF200A4A759 /* SofaApp.swift in Sources */,
				C4B8F2CE2854A6680000B8CB /* NavigationBarWithIconButtonStyle.swift in Sources */,
				C4B8F2952850DA1C0000B8CB /* AlbumActionSheetItem.swift in Sources */,
				C495F5ED2855BB5E009B3BDE /* Ex+Date.swift in Sources */,
				6F22E52C284B9D190069D268 /* WelcomeView.swift in Sources */,
			);
			runOnlyForDeploymentPostprocessing = 0;
		};
		C4667A37284B6FF400A4A759 /* Sources */ = {
			isa = PBXSourcesBuildPhase;
			buildActionMask = 2147483647;
			files = (
				C4667A40284B6FF400A4A759 /* SofaTests.swift in Sources */,
			);
			runOnlyForDeploymentPostprocessing = 0;
		};
		C4667A41284B6FF400A4A759 /* Sources */ = {
			isa = PBXSourcesBuildPhase;
			buildActionMask = 2147483647;
			files = (
				C4667A4A284B6FF400A4A759 /* SofaUITests.swift in Sources */,
				C4667A4C284B6FF400A4A759 /* SofaUITestsLaunchTests.swift in Sources */,
			);
			runOnlyForDeploymentPostprocessing = 0;
		};
/* End PBXSourcesBuildPhase section */

/* Begin PBXTargetDependency section */
		C4667A3D284B6FF400A4A759 /* PBXTargetDependency */ = {
			isa = PBXTargetDependency;
			target = C4667A2A284B6FF200A4A759 /* Sofa */;
			targetProxy = C4667A3C284B6FF400A4A759 /* PBXContainerItemProxy */;
		};
		C4667A47284B6FF400A4A759 /* PBXTargetDependency */ = {
			isa = PBXTargetDependency;
			target = C4667A2A284B6FF200A4A759 /* Sofa */;
			targetProxy = C4667A46284B6FF400A4A759 /* PBXContainerItemProxy */;
		};
/* End PBXTargetDependency section */

/* Begin XCBuildConfiguration section */
		C4667A4D284B6FF400A4A759 /* Debug */ = {
			isa = XCBuildConfiguration;
			buildSettings = {
				ALWAYS_SEARCH_USER_PATHS = NO;
				CLANG_ANALYZER_NONNULL = YES;
				CLANG_ANALYZER_NUMBER_OBJECT_CONVERSION = YES_AGGRESSIVE;
				CLANG_CXX_LANGUAGE_STANDARD = "gnu++17";
				CLANG_ENABLE_MODULES = YES;
				CLANG_ENABLE_OBJC_ARC = YES;
				CLANG_ENABLE_OBJC_WEAK = YES;
				CLANG_WARN_BLOCK_CAPTURE_AUTORELEASING = YES;
				CLANG_WARN_BOOL_CONVERSION = YES;
				CLANG_WARN_COMMA = YES;
				CLANG_WARN_CONSTANT_CONVERSION = YES;
				CLANG_WARN_DEPRECATED_OBJC_IMPLEMENTATIONS = YES;
				CLANG_WARN_DIRECT_OBJC_ISA_USAGE = YES_ERROR;
				CLANG_WARN_DOCUMENTATION_COMMENTS = YES;
				CLANG_WARN_EMPTY_BODY = YES;
				CLANG_WARN_ENUM_CONVERSION = YES;
				CLANG_WARN_INFINITE_RECURSION = YES;
				CLANG_WARN_INT_CONVERSION = YES;
				CLANG_WARN_NON_LITERAL_NULL_CONVERSION = YES;
				CLANG_WARN_OBJC_IMPLICIT_RETAIN_SELF = YES;
				CLANG_WARN_OBJC_LITERAL_CONVERSION = YES;
				CLANG_WARN_OBJC_ROOT_CLASS = YES_ERROR;
				CLANG_WARN_QUOTED_INCLUDE_IN_FRAMEWORK_HEADER = YES;
				CLANG_WARN_RANGE_LOOP_ANALYSIS = YES;
				CLANG_WARN_STRICT_PROTOTYPES = YES;
				CLANG_WARN_SUSPICIOUS_MOVE = YES;
				CLANG_WARN_UNGUARDED_AVAILABILITY = YES_AGGRESSIVE;
				CLANG_WARN_UNREACHABLE_CODE = YES;
				CLANG_WARN__DUPLICATE_METHOD_MATCH = YES;
				COPY_PHASE_STRIP = NO;
				DEBUG_INFORMATION_FORMAT = dwarf;
				ENABLE_STRICT_OBJC_MSGSEND = YES;
				ENABLE_TESTABILITY = YES;
				GCC_C_LANGUAGE_STANDARD = gnu11;
				GCC_DYNAMIC_NO_PIC = NO;
				GCC_NO_COMMON_BLOCKS = YES;
				GCC_OPTIMIZATION_LEVEL = 0;
				GCC_PREPROCESSOR_DEFINITIONS = (
					"DEBUG=1",
					"$(inherited)",
				);
				GCC_WARN_64_TO_32_BIT_CONVERSION = YES;
				GCC_WARN_ABOUT_RETURN_TYPE = YES_ERROR;
				GCC_WARN_UNDECLARED_SELECTOR = YES;
				GCC_WARN_UNINITIALIZED_AUTOS = YES_AGGRESSIVE;
				GCC_WARN_UNUSED_FUNCTION = YES;
				GCC_WARN_UNUSED_VARIABLE = YES;
				IPHONEOS_DEPLOYMENT_TARGET = 15.5;
				MTL_ENABLE_DEBUG_INFO = INCLUDE_SOURCE;
				MTL_FAST_MATH = YES;
				ONLY_ACTIVE_ARCH = YES;
				SDKROOT = iphoneos;
				SWIFT_ACTIVE_COMPILATION_CONDITIONS = DEBUG;
				SWIFT_OPTIMIZATION_LEVEL = "-Onone";
			};
			name = Debug;
		};
		C4667A4E284B6FF400A4A759 /* Release */ = {
			isa = XCBuildConfiguration;
			buildSettings = {
				ALWAYS_SEARCH_USER_PATHS = NO;
				CLANG_ANALYZER_NONNULL = YES;
				CLANG_ANALYZER_NUMBER_OBJECT_CONVERSION = YES_AGGRESSIVE;
				CLANG_CXX_LANGUAGE_STANDARD = "gnu++17";
				CLANG_ENABLE_MODULES = YES;
				CLANG_ENABLE_OBJC_ARC = YES;
				CLANG_ENABLE_OBJC_WEAK = YES;
				CLANG_WARN_BLOCK_CAPTURE_AUTORELEASING = YES;
				CLANG_WARN_BOOL_CONVERSION = YES;
				CLANG_WARN_COMMA = YES;
				CLANG_WARN_CONSTANT_CONVERSION = YES;
				CLANG_WARN_DEPRECATED_OBJC_IMPLEMENTATIONS = YES;
				CLANG_WARN_DIRECT_OBJC_ISA_USAGE = YES_ERROR;
				CLANG_WARN_DOCUMENTATION_COMMENTS = YES;
				CLANG_WARN_EMPTY_BODY = YES;
				CLANG_WARN_ENUM_CONVERSION = YES;
				CLANG_WARN_INFINITE_RECURSION = YES;
				CLANG_WARN_INT_CONVERSION = YES;
				CLANG_WARN_NON_LITERAL_NULL_CONVERSION = YES;
				CLANG_WARN_OBJC_IMPLICIT_RETAIN_SELF = YES;
				CLANG_WARN_OBJC_LITERAL_CONVERSION = YES;
				CLANG_WARN_OBJC_ROOT_CLASS = YES_ERROR;
				CLANG_WARN_QUOTED_INCLUDE_IN_FRAMEWORK_HEADER = YES;
				CLANG_WARN_RANGE_LOOP_ANALYSIS = YES;
				CLANG_WARN_STRICT_PROTOTYPES = YES;
				CLANG_WARN_SUSPICIOUS_MOVE = YES;
				CLANG_WARN_UNGUARDED_AVAILABILITY = YES_AGGRESSIVE;
				CLANG_WARN_UNREACHABLE_CODE = YES;
				CLANG_WARN__DUPLICATE_METHOD_MATCH = YES;
				COPY_PHASE_STRIP = NO;
				DEBUG_INFORMATION_FORMAT = "dwarf-with-dsym";
				ENABLE_NS_ASSERTIONS = NO;
				ENABLE_STRICT_OBJC_MSGSEND = YES;
				GCC_C_LANGUAGE_STANDARD = gnu11;
				GCC_NO_COMMON_BLOCKS = YES;
				GCC_WARN_64_TO_32_BIT_CONVERSION = YES;
				GCC_WARN_ABOUT_RETURN_TYPE = YES_ERROR;
				GCC_WARN_UNDECLARED_SELECTOR = YES;
				GCC_WARN_UNINITIALIZED_AUTOS = YES_AGGRESSIVE;
				GCC_WARN_UNUSED_FUNCTION = YES;
				GCC_WARN_UNUSED_VARIABLE = YES;
				IPHONEOS_DEPLOYMENT_TARGET = 15.5;
				MTL_ENABLE_DEBUG_INFO = NO;
				MTL_FAST_MATH = YES;
				SDKROOT = iphoneos;
				SWIFT_COMPILATION_MODE = wholemodule;
				SWIFT_OPTIMIZATION_LEVEL = "-O";
				VALIDATE_PRODUCT = YES;
			};
			name = Release;
		};
		C4667A50284B6FF400A4A759 /* Debug */ = {
			isa = XCBuildConfiguration;
			baseConfigurationReference = 588BECD91FBBFAF8621F7896 /* Pods-Sofa.debug.xcconfig */;
			buildSettings = {
				ASSETCATALOG_COMPILER_APPICON_NAME = AppIcon;
				ASSETCATALOG_COMPILER_GLOBAL_ACCENT_COLOR_NAME = AccentColor;
				CODE_SIGN_STYLE = Automatic;
				CURRENT_PROJECT_VERSION = 1;
				DEVELOPMENT_ASSET_PATHS = "\"Sofa/Configuration/Assets\"";
				DEVELOPMENT_TEAM = B4G53F63TN;
				ENABLE_PREVIEWS = YES;
				GENERATE_INFOPLIST_FILE = YES;
				INFOPLIST_FILE = Sofa/Info.plist;
				INFOPLIST_KEY_UIApplicationSceneManifest_Generation = YES;
				INFOPLIST_KEY_UIApplicationSupportsIndirectInputEvents = YES;
				INFOPLIST_KEY_UILaunchScreen_Generation = YES;
				INFOPLIST_KEY_UISupportedInterfaceOrientations_iPad = "UIInterfaceOrientationPortrait UIInterfaceOrientationPortraitUpsideDown UIInterfaceOrientationLandscapeLeft UIInterfaceOrientationLandscapeRight";
				INFOPLIST_KEY_UISupportedInterfaceOrientations_iPhone = "UIInterfaceOrientationPortrait UIInterfaceOrientationLandscapeLeft UIInterfaceOrientationLandscapeRight";
				IPHONEOS_DEPLOYMENT_TARGET = 14.0;
				LD_RUNPATH_SEARCH_PATHS = (
					"$(inherited)",
					"@executable_path/Frameworks",
				);
				MARKETING_VERSION = 1.0;
				PRODUCT_BUNDLE_IDENTIFIER = com.fx.Sofa;
				PRODUCT_NAME = "$(TARGET_NAME)";
				SWIFT_EMIT_LOC_STRINGS = YES;
				SWIFT_VERSION = 5.0;
				TARGETED_DEVICE_FAMILY = "1,2";
			};
			name = Debug;
		};
		C4667A51284B6FF400A4A759 /* Release */ = {
			isa = XCBuildConfiguration;
			baseConfigurationReference = E0A02E1DB0E3E122046A066D /* Pods-Sofa.release.xcconfig */;
			buildSettings = {
				ASSETCATALOG_COMPILER_APPICON_NAME = AppIcon;
				ASSETCATALOG_COMPILER_GLOBAL_ACCENT_COLOR_NAME = AccentColor;
				CODE_SIGN_STYLE = Automatic;
				CURRENT_PROJECT_VERSION = 1;
				DEVELOPMENT_ASSET_PATHS = "\"Sofa/Configuration/Assets\"";
				DEVELOPMENT_TEAM = B4G53F63TN;
				ENABLE_PREVIEWS = YES;
				GENERATE_INFOPLIST_FILE = YES;
				INFOPLIST_FILE = Sofa/Info.plist;
				INFOPLIST_KEY_UIApplicationSceneManifest_Generation = YES;
				INFOPLIST_KEY_UIApplicationSupportsIndirectInputEvents = YES;
				INFOPLIST_KEY_UILaunchScreen_Generation = YES;
				INFOPLIST_KEY_UISupportedInterfaceOrientations_iPad = "UIInterfaceOrientationPortrait UIInterfaceOrientationPortraitUpsideDown UIInterfaceOrientationLandscapeLeft UIInterfaceOrientationLandscapeRight";
				INFOPLIST_KEY_UISupportedInterfaceOrientations_iPhone = "UIInterfaceOrientationPortrait UIInterfaceOrientationLandscapeLeft UIInterfaceOrientationLandscapeRight";
				IPHONEOS_DEPLOYMENT_TARGET = 14.0;
				LD_RUNPATH_SEARCH_PATHS = (
					"$(inherited)",
					"@executable_path/Frameworks",
				);
				MARKETING_VERSION = 1.0;
				PRODUCT_BUNDLE_IDENTIFIER = com.fx.Sofa;
				PRODUCT_NAME = "$(TARGET_NAME)";
				SWIFT_EMIT_LOC_STRINGS = YES;
				SWIFT_VERSION = 5.0;
				TARGETED_DEVICE_FAMILY = "1,2";
			};
			name = Release;
		};
		C4667A53284B6FF400A4A759 /* Debug */ = {
			isa = XCBuildConfiguration;
			baseConfigurationReference = A1A5C5DA7B0EA0D195D6A129 /* Pods-SofaTests.debug.xcconfig */;
			buildSettings = {
				ALWAYS_EMBED_SWIFT_STANDARD_LIBRARIES = YES;
				BUNDLE_LOADER = "$(TEST_HOST)";
				CODE_SIGN_STYLE = Automatic;
				CURRENT_PROJECT_VERSION = 1;
				DEVELOPMENT_TEAM = SF6SBNPMLX;
				GENERATE_INFOPLIST_FILE = YES;
				IPHONEOS_DEPLOYMENT_TARGET = 15.5;
				MARKETING_VERSION = 1.0;
				PRODUCT_BUNDLE_IDENTIFIER = com.fx.SofaTests;
				PRODUCT_NAME = "$(TARGET_NAME)";
				SWIFT_EMIT_LOC_STRINGS = NO;
				SWIFT_VERSION = 5.0;
				TARGETED_DEVICE_FAMILY = "1,2";
				TEST_HOST = "$(BUILT_PRODUCTS_DIR)/Sofa.app/Sofa";
			};
			name = Debug;
		};
		C4667A54284B6FF400A4A759 /* Release */ = {
			isa = XCBuildConfiguration;
			baseConfigurationReference = 1CBE8172BD1C8B15C2F363BF /* Pods-SofaTests.release.xcconfig */;
			buildSettings = {
				ALWAYS_EMBED_SWIFT_STANDARD_LIBRARIES = YES;
				BUNDLE_LOADER = "$(TEST_HOST)";
				CODE_SIGN_STYLE = Automatic;
				CURRENT_PROJECT_VERSION = 1;
				DEVELOPMENT_TEAM = SF6SBNPMLX;
				GENERATE_INFOPLIST_FILE = YES;
				IPHONEOS_DEPLOYMENT_TARGET = 15.5;
				MARKETING_VERSION = 1.0;
				PRODUCT_BUNDLE_IDENTIFIER = com.fx.SofaTests;
				PRODUCT_NAME = "$(TARGET_NAME)";
				SWIFT_EMIT_LOC_STRINGS = NO;
				SWIFT_VERSION = 5.0;
				TARGETED_DEVICE_FAMILY = "1,2";
				TEST_HOST = "$(BUILT_PRODUCTS_DIR)/Sofa.app/Sofa";
			};
			name = Release;
		};
		C4667A56284B6FF400A4A759 /* Debug */ = {
			isa = XCBuildConfiguration;
			baseConfigurationReference = 3A02CB536760CF657C4244F9 /* Pods-Sofa-SofaUITests.debug.xcconfig */;
			buildSettings = {
				ALWAYS_EMBED_SWIFT_STANDARD_LIBRARIES = YES;
				CODE_SIGN_STYLE = Automatic;
				CURRENT_PROJECT_VERSION = 1;
				DEVELOPMENT_TEAM = SF6SBNPMLX;
				GENERATE_INFOPLIST_FILE = YES;
				MARKETING_VERSION = 1.0;
				PRODUCT_BUNDLE_IDENTIFIER = com.fx.SofaUITests;
				PRODUCT_NAME = "$(TARGET_NAME)";
				SWIFT_EMIT_LOC_STRINGS = NO;
				SWIFT_VERSION = 5.0;
				TARGETED_DEVICE_FAMILY = "1,2";
				TEST_TARGET_NAME = Sofa;
			};
			name = Debug;
		};
		C4667A57284B6FF400A4A759 /* Release */ = {
			isa = XCBuildConfiguration;
			baseConfigurationReference = 50021B29414906AED1D134DA /* Pods-Sofa-SofaUITests.release.xcconfig */;
			buildSettings = {
				ALWAYS_EMBED_SWIFT_STANDARD_LIBRARIES = YES;
				CODE_SIGN_STYLE = Automatic;
				CURRENT_PROJECT_VERSION = 1;
				DEVELOPMENT_TEAM = SF6SBNPMLX;
				GENERATE_INFOPLIST_FILE = YES;
				MARKETING_VERSION = 1.0;
				PRODUCT_BUNDLE_IDENTIFIER = com.fx.SofaUITests;
				PRODUCT_NAME = "$(TARGET_NAME)";
				SWIFT_EMIT_LOC_STRINGS = NO;
				SWIFT_VERSION = 5.0;
				TARGETED_DEVICE_FAMILY = "1,2";
				TEST_TARGET_NAME = Sofa;
			};
			name = Release;
		};
/* End XCBuildConfiguration section */

/* Begin XCConfigurationList section */
		C4667A26284B6FF200A4A759 /* Build configuration list for PBXProject "Sofa" */ = {
			isa = XCConfigurationList;
			buildConfigurations = (
				C4667A4D284B6FF400A4A759 /* Debug */,
				C4667A4E284B6FF400A4A759 /* Release */,
			);
			defaultConfigurationIsVisible = 0;
			defaultConfigurationName = Release;
		};
		C4667A4F284B6FF400A4A759 /* Build configuration list for PBXNativeTarget "Sofa" */ = {
			isa = XCConfigurationList;
			buildConfigurations = (
				C4667A50284B6FF400A4A759 /* Debug */,
				C4667A51284B6FF400A4A759 /* Release */,
			);
			defaultConfigurationIsVisible = 0;
			defaultConfigurationName = Release;
		};
		C4667A52284B6FF400A4A759 /* Build configuration list for PBXNativeTarget "SofaTests" */ = {
			isa = XCConfigurationList;
			buildConfigurations = (
				C4667A53284B6FF400A4A759 /* Debug */,
				C4667A54284B6FF400A4A759 /* Release */,
			);
			defaultConfigurationIsVisible = 0;
			defaultConfigurationName = Release;
		};
		C4667A55284B6FF400A4A759 /* Build configuration list for PBXNativeTarget "SofaUITests" */ = {
			isa = XCConfigurationList;
			buildConfigurations = (
				C4667A56284B6FF400A4A759 /* Debug */,
				C4667A57284B6FF400A4A759 /* Release */,
			);
			defaultConfigurationIsVisible = 0;
			defaultConfigurationName = Release;
		};
/* End XCConfigurationList section */
	};
	rootObject = C4667A23284B6FF200A4A759 /* Project object */;
}
