{
  "pins" : [
    {
      "identity" : "confettiswiftui",
      "kind" : "remoteSourceControl",
      "location" : "https://github.com/simibac/ConfettiSwiftUI.git",
      "state" : {
        "revision" : "8d3a15d0aa2991e0761749b767ef8d89bca6275a",
        "version" : "1.0.1"
      }
    },
    {
      "identity" : "mbswiftuifirstresponder",
      "kind" : "remoteSourceControl",
      "location" : "https://github.com/Mobilinked/MbSwiftUIFirstResponder",
      "state" : {
        "branch" : "main",
        "revision" : "4eafce5e917742334183f9bde9ebeedbcc0b1651"
      }
    },
    {
      "identity" : "starscream",
      "kind" : "remoteSourceControl",
      "location" : "https://github.com/daltoniam/Starscream",
      "state" : {
        "branch" : "master",
        "revision" : "c68359159dcf0b5de9b536b9a959e9e435e968d3"
      }
    },
    {
      "identity" : "swiftuipager",
      "kind" : "remoteSourceControl",
      "location" : "https://github.com/fermoya/SwiftUIPager.git",
      "state" : {
        "branch" : "main",
        "revision" : "669d20f0ab90dc6cac5aadbb8462505875805459"
      }
    }
  ],
  "version" : 2
}
